
Microsoft Visual Studio Solution File, Format Version 12.00
# Visual Studio Version 16
VisualStudioVersion = 16.0.32630.194
MinimumVisualStudioVersion = 10.0.40219.1
Project("{9A19103F-16F7-4668-BE54-9A1E7A4F7556}") = "Client", "MCC69_App\Client.csproj", "{833D0F76-CC36-4306-857F-5E1F8CBE085A}"
EndProject
Project("{FAE04EC0-301F-11D3-BF4B-00C04F79EFBC}") = "API", "API\API.csproj", "{231743A8-2D63-460D-B842-E8FC44A4146E}"
EndProject
Project("{2150E333-8FDC-42A3-9474-1A3956D46DE8}") = "Solution Items", "Solution Items", "{418FF850-2984-485B-8697-04BA80F560FD}"
	ProjectSection(SolutionItems) = preProject
		.editorconfig = .editorconfig
	EndProjectSection
EndProject
Global
	GlobalSection(SolutionConfigurationPlatforms) = preSolution
		Debug|Any CPU = Debug|Any CPU
		Release|Any CPU = Release|Any CPU
	EndGlobalSection
	GlobalSection(ProjectConfigurationPlatforms) = postSolution
		{833D0F76-CC36-4306-857F-5E1F8CBE085A}.Debug|Any CPU.ActiveCfg = Debug|Any CPU
		{833D0F76-CC36-4306-857F-5E1F8CBE085A}.Debug|Any CPU.Build.0 = Debug|Any CPU
		{833D0F76-CC36-4306-857F-5E1F8CBE085A}.Release|Any CPU.ActiveCfg = Release|Any CPU
		{833D0F76-CC36-4306-857F-5E1F8CBE085A}.Release|Any CPU.Build.0 = Release|Any CPU
		{231743A8-2D63-460D-B842-E8FC44A4146E}.Debug|Any CPU.ActiveCfg = Debug|Any CPU
		{231743A8-2D63-460D-B842-E8FC44A4146E}.Debug|Any CPU.Build.0 = Debug|Any CPU
		{231743A8-2D63-460D-B842-E8FC44A4146E}.Release|Any CPU.ActiveCfg = Release|Any CPU
		{231743A8-2D63-460D-B842-E8FC44A4146E}.Release|Any CPU.Build.0 = Release|Any CPU
	EndGlobalSection
	GlobalSection(SolutionProperties) = preSolution
		HideSolutionNode = FALSE
	EndGlobalSection
	GlobalSection(ExtensibilityGlobals) = postSolution
		SolutionGuid = {2A68DCF8-7980-44B7-A3EE-72B4C4102473}
	EndGlobalSection
EndGlobal
